
Microsoft Visual Studio Solution File, Format Version 12.00
# Visual Studio Version 17
VisualStudioVersion = 17.12.35527.113 d17.12
MinimumVisualStudioVersion = 10.0.40219.1
Project("{FAE04EC0-301F-11D3-BF4B-00C04F79EFBC}") = "Company.Route.PL", "Company.Route.PL\Company.Route.PL.csproj", "{89334D48-5AD4-47E3-810B-9DD2C71601DB}"
EndProject
Project("{FAE04EC0-301F-11D3-BF4B-00C04F79EFBC}") = "Company.Route.DAL", "Company.Route.DAL\Company.Route.DAL.csproj", "{99AAC3ED-02F9-48D8-8137-92454058F35F}"
EndProject
Project("{FAE04EC0-301F-11D3-BF4B-00C04F79EFBC}") = "Company.Route.BLL", "Company.Route.BLL\Company.Route.BLL.csproj", "{625DB8FA-B1A2-4452-AD81-C0A524AE7C95}"
EndProject
Global
	GlobalSection(SolutionConfigurationPlatforms) = preSolution
		Debug|Any CPU = Debug|Any CPU
		Release|Any CPU = Release|Any CPU
	EndGlobalSection
	GlobalSection(ProjectConfigurationPlatforms) = postSolution
		{89334D48-5AD4-47E3-810B-9DD2C71601DB}.Debug|Any CPU.ActiveCfg = Debug|Any CPU
		{89334D48-5AD4-47E3-810B-9DD2C71601DB}.Debug|Any CPU.Build.0 = Debug|Any CPU
		{89334D48-5AD4-47E3-810B-9DD2C71601DB}.Release|Any CPU.ActiveCfg = Release|Any CPU
		{89334D48-5AD4-47E3-810B-9DD2C71601DB}.Release|Any CPU.Build.0 = Release|Any CPU
		{99AAC3ED-02F9-48D8-8137-92454058F35F}.Debug|Any CPU.ActiveCfg = Debug|Any CPU
		{99AAC3ED-02F9-48D8-8137-92454058F35F}.Debug|Any CPU.Build.0 = Debug|Any CPU
		{99AAC3ED-02F9-48D8-8137-92454058F35F}.Release|Any CPU.ActiveCfg = Release|Any CPU
		{99AAC3ED-02F9-48D8-8137-92454058F35F}.Release|Any CPU.Build.0 = Release|Any CPU
		{625DB8FA-B1A2-4452-AD81-C0A524AE7C95}.Debug|Any CPU.ActiveCfg = Debug|Any CPU
		{625DB8FA-B1A2-4452-AD81-C0A524AE7C95}.Debug|Any CPU.Build.0 = Debug|Any CPU
		{625DB8FA-B1A2-4452-AD81-C0A524AE7C95}.Release|Any CPU.ActiveCfg = Release|Any CPU
		{625DB8FA-B1A2-4452-AD81-C0A524AE7C95}.Release|Any CPU.Build.0 = Release|Any CPU
	EndGlobalSection
	GlobalSection(SolutionProperties) = preSolution
		HideSolutionNode = FALSE
	EndGlobalSection
EndGlobal
